
Microsoft Visual Studio Solution File, Format Version 12.00
# Visual Studio 15
VisualStudioVersion = 15.0.26730.16
MinimumVisualStudioVersion = 10.0.40219.1
Project("{FAE04EC0-301F-11D3-BF4B-00C04F79EFBC}") = "Feedly10", "Feedly10\Feedly10.csproj", "{82E9AEDC-6480-44DE-B377-7516D6173067}"
EndProject
Project("{FAE04EC0-301F-11D3-BF4B-00C04F79EFBC}") = "Feedly10.Tests", "Feedly10.Tests\Feedly10.Tests.csproj", "{1732A403-5C88-4527-863C-DAB5ED6708CE}"
EndProject
Global
	GlobalSection(SolutionConfigurationPlatforms) = preSolution
		Debug|Any CPU = Debug|Any CPU
		Debug|ARM = Debug|ARM
		Debug|x64 = Debug|x64
		Debug|x86 = Debug|x86
		Release|Any CPU = Release|Any CPU
		Release|ARM = Release|ARM
		Release|x64 = Release|x64
		Release|x86 = Release|x86
	EndGlobalSection
	GlobalSection(ProjectConfigurationPlatforms) = postSolution
		{82E9AEDC-6480-44DE-B377-7516D6173067}.Debug|Any CPU.ActiveCfg = Debug|x86
		{82E9AEDC-6480-44DE-B377-7516D6173067}.Debug|ARM.ActiveCfg = Debug|ARM
		{82E9AEDC-6480-44DE-B377-7516D6173067}.Debug|ARM.Build.0 = Debug|ARM
		{82E9AEDC-6480-44DE-B377-7516D6173067}.Debug|ARM.Deploy.0 = Debug|ARM
		{82E9AEDC-6480-44DE-B377-7516D6173067}.Debug|x64.ActiveCfg = Debug|x64
		{82E9AEDC-6480-44DE-B377-7516D6173067}.Debug|x64.Build.0 = Debug|x64
		{82E9AEDC-6480-44DE-B377-7516D6173067}.Debug|x64.Deploy.0 = Debug|x64
		{82E9AEDC-6480-44DE-B377-7516D6173067}.Debug|x86.ActiveCfg = Debug|x86
		{82E9AEDC-6480-44DE-B377-7516D6173067}.Debug|x86.Build.0 = Debug|x86
		{82E9AEDC-6480-44DE-B377-7516D6173067}.Debug|x86.Deploy.0 = Debug|x86
		{82E9AEDC-6480-44DE-B377-7516D6173067}.Release|Any CPU.ActiveCfg = Release|x86
		{82E9AEDC-6480-44DE-B377-7516D6173067}.Release|ARM.ActiveCfg = Release|ARM
		{82E9AEDC-6480-44DE-B377-7516D6173067}.Release|ARM.Build.0 = Release|ARM
		{82E9AEDC-6480-44DE-B377-7516D6173067}.Release|ARM.Deploy.0 = Release|ARM
		{82E9AEDC-6480-44DE-B377-7516D6173067}.Release|x64.ActiveCfg = Release|x64
		{82E9AEDC-6480-44DE-B377-7516D6173067}.Release|x64.Build.0 = Release|x64
		{82E9AEDC-6480-44DE-B377-7516D6173067}.Release|x64.Deploy.0 = Release|x64
		{82E9AEDC-6480-44DE-B377-7516D6173067}.Release|x86.ActiveCfg = Release|x86
		{82E9AEDC-6480-44DE-B377-7516D6173067}.Release|x86.Build.0 = Release|x86
		{82E9AEDC-6480-44DE-B377-7516D6173067}.Release|x86.Deploy.0 = Release|x86
		{1732A403-5C88-4527-863C-DAB5ED6708CE}.Debug|Any CPU.ActiveCfg = Debug|x86
		{1732A403-5C88-4527-863C-DAB5ED6708CE}.Debug|ARM.ActiveCfg = Debug|ARM
		{1732A403-5C88-4527-863C-DAB5ED6708CE}.Debug|ARM.Build.0 = Debug|ARM
		{1732A403-5C88-4527-863C-DAB5ED6708CE}.Debug|ARM.Deploy.0 = Debug|ARM
		{1732A403-5C88-4527-863C-DAB5ED6708CE}.Debug|x64.ActiveCfg = Debug|x64
		{1732A403-5C88-4527-863C-DAB5ED6708CE}.Debug|x64.Build.0 = Debug|x64
		{1732A403-5C88-4527-863C-DAB5ED6708CE}.Debug|x64.Deploy.0 = Debug|x64
		{1732A403-5C88-4527-863C-DAB5ED6708CE}.Debug|x86.ActiveCfg = Debug|x86
		{1732A403-5C88-4527-863C-DAB5ED6708CE}.Debug|x86.Build.0 = Debug|x86
		{1732A403-5C88-4527-863C-DAB5ED6708CE}.Debug|x86.Deploy.0 = Debug|x86
		{1732A403-5C88-4527-863C-DAB5ED6708CE}.Release|Any CPU.ActiveCfg = Release|x86
		{1732A403-5C88-4527-863C-DAB5ED6708CE}.Release|ARM.ActiveCfg = Release|ARM
		{1732A403-5C88-4527-863C-DAB5ED6708CE}.Release|ARM.Build.0 = Release|ARM
		{1732A403-5C88-4527-863C-DAB5ED6708CE}.Release|ARM.Deploy.0 = Release|ARM
		{1732A403-5C88-4527-863C-DAB5ED6708CE}.Release|x64.ActiveCfg = Release|x64
		{1732A403-5C88-4527-863C-DAB5ED6708CE}.Release|x64.Build.0 = Release|x64
		{1732A403-5C88-4527-863C-DAB5ED6708CE}.Release|x64.Deploy.0 = Release|x64
		{1732A403-5C88-4527-863C-DAB5ED6708CE}.Release|x86.ActiveCfg = Release|x86
		{1732A403-5C88-4527-863C-DAB5ED6708CE}.Release|x86.Build.0 = Release|x86
		{1732A403-5C88-4527-863C-DAB5ED6708CE}.Release|x86.Deploy.0 = Release|x86
	EndGlobalSection
	GlobalSection(SolutionProperties) = preSolution
		HideSolutionNode = FALSE
	EndGlobalSection
	GlobalSection(ExtensibilityGlobals) = postSolution
		SolutionGuid = {D1546F95-8876-49F0-B7AE-2A2770B2B687}
	EndGlobalSection
EndGlobal
